{
  "originHash" : "facf095a5c234101eb4a21c59eef779060d0777c6cc8aba029ed01234afc8953",
  "pins" : [
    {
      "identity" : "swinject",
      "kind" : "remoteSourceControl",
      "location" : "https://github.com/Swinject/Swinject.git",
      "state" : {
        "revision" : "be9dbcc7b86811bc131539a20c6f9c2d3e56919f",
        "version" : "2.9.1"
      }
    },
    {
      "identity" : "swinjectautoregistration",
      "kind" : "remoteSourceControl",
      "location" : "https://github.com/Swinject/SwinjectAutoregistration.git",
      "state" : {
        "revision" : "fd9ffae5f666d37b4b3c210af2e16a10598342e4",
        "version" : "2.9.1"
      }
    }
  ],
  "version" : 3
}
